
Microsoft Visual Studio Solution File, Format Version 12.00
# Visual Studio 15
VisualStudioVersion = 15.0.26124.0
MinimumVisualStudioVersion = 15.0.26124.0
Project("{FAE04EC0-301F-11D3-BF4B-00C04F79EFBC}") = "API", "API\API.csproj", "{23210959-1F18-4BE2-9898-6E0628548F37}"
EndProject
Project("{FAE04EC0-301F-11D3-BF4B-00C04F79EFBC}") = "Infrastructure", "Infrastructure\Infrastructure.csproj", "{C6BFB454-BC3F-4FC7-B9C7-B2F3B16CAD70}"
EndProject
Project("{FAE04EC0-301F-11D3-BF4B-00C04F79EFBC}") = "Core", "Core\Core.csproj", "{A0C53ACB-AC8A-48B4-9FCF-29C5DE7DC11B}"
EndProject
Global
	GlobalSection(SolutionConfigurationPlatforms) = preSolution
		Debug|Any CPU = Debug|Any CPU
		Debug|x64 = Debug|x64
		Debug|x86 = Debug|x86
		Release|Any CPU = Release|Any CPU
		Release|x64 = Release|x64
		Release|x86 = Release|x86
	EndGlobalSection
	GlobalSection(SolutionProperties) = preSolution
		HideSolutionNode = FALSE
	EndGlobalSection
	GlobalSection(ProjectConfigurationPlatforms) = postSolution
		{23210959-1F18-4BE2-9898-6E0628548F37}.Debug|Any CPU.ActiveCfg = Debug|Any CPU
		{23210959-1F18-4BE2-9898-6E0628548F37}.Debug|Any CPU.Build.0 = Debug|Any CPU
		{23210959-1F18-4BE2-9898-6E0628548F37}.Debug|x64.ActiveCfg = Debug|Any CPU
		{23210959-1F18-4BE2-9898-6E0628548F37}.Debug|x64.Build.0 = Debug|Any CPU
		{23210959-1F18-4BE2-9898-6E0628548F37}.Debug|x86.ActiveCfg = Debug|Any CPU
		{23210959-1F18-4BE2-9898-6E0628548F37}.Debug|x86.Build.0 = Debug|Any CPU
		{23210959-1F18-4BE2-9898-6E0628548F37}.Release|Any CPU.ActiveCfg = Release|Any CPU
		{23210959-1F18-4BE2-9898-6E0628548F37}.Release|Any CPU.Build.0 = Release|Any CPU
		{23210959-1F18-4BE2-9898-6E0628548F37}.Release|x64.ActiveCfg = Release|Any CPU
		{23210959-1F18-4BE2-9898-6E0628548F37}.Release|x64.Build.0 = Release|Any CPU
		{23210959-1F18-4BE2-9898-6E0628548F37}.Release|x86.ActiveCfg = Release|Any CPU
		{23210959-1F18-4BE2-9898-6E0628548F37}.Release|x86.Build.0 = Release|Any CPU
		{C6BFB454-BC3F-4FC7-B9C7-B2F3B16CAD70}.Debug|Any CPU.ActiveCfg = Debug|Any CPU
		{C6BFB454-BC3F-4FC7-B9C7-B2F3B16CAD70}.Debug|Any CPU.Build.0 = Debug|Any CPU
		{C6BFB454-BC3F-4FC7-B9C7-B2F3B16CAD70}.Debug|x64.ActiveCfg = Debug|Any CPU
		{C6BFB454-BC3F-4FC7-B9C7-B2F3B16CAD70}.Debug|x64.Build.0 = Debug|Any CPU
		{C6BFB454-BC3F-4FC7-B9C7-B2F3B16CAD70}.Debug|x86.ActiveCfg = Debug|Any CPU
		{C6BFB454-BC3F-4FC7-B9C7-B2F3B16CAD70}.Debug|x86.Build.0 = Debug|Any CPU
		{C6BFB454-BC3F-4FC7-B9C7-B2F3B16CAD70}.Release|Any CPU.ActiveCfg = Release|Any CPU
		{C6BFB454-BC3F-4FC7-B9C7-B2F3B16CAD70}.Release|Any CPU.Build.0 = Release|Any CPU
		{C6BFB454-BC3F-4FC7-B9C7-B2F3B16CAD70}.Release|x64.ActiveCfg = Release|Any CPU
		{C6BFB454-BC3F-4FC7-B9C7-B2F3B16CAD70}.Release|x64.Build.0 = Release|Any CPU
		{C6BFB454-BC3F-4FC7-B9C7-B2F3B16CAD70}.Release|x86.ActiveCfg = Release|Any CPU
		{C6BFB454-BC3F-4FC7-B9C7-B2F3B16CAD70}.Release|x86.Build.0 = Release|Any CPU
		{A0C53ACB-AC8A-48B4-9FCF-29C5DE7DC11B}.Debug|Any CPU.ActiveCfg = Debug|Any CPU
		{A0C53ACB-AC8A-48B4-9FCF-29C5DE7DC11B}.Debug|Any CPU.Build.0 = Debug|Any CPU
		{A0C53ACB-AC8A-48B4-9FCF-29C5DE7DC11B}.Debug|x64.ActiveCfg = Debug|Any CPU
		{A0C53ACB-AC8A-48B4-9FCF-29C5DE7DC11B}.Debug|x64.Build.0 = Debug|Any CPU
		{A0C53ACB-AC8A-48B4-9FCF-29C5DE7DC11B}.Debug|x86.ActiveCfg = Debug|Any CPU
		{A0C53ACB-AC8A-48B4-9FCF-29C5DE7DC11B}.Debug|x86.Build.0 = Debug|Any CPU
		{A0C53ACB-AC8A-48B4-9FCF-29C5DE7DC11B}.Release|Any CPU.ActiveCfg = Release|Any CPU
		{A0C53ACB-AC8A-48B4-9FCF-29C5DE7DC11B}.Release|Any CPU.Build.0 = Release|Any CPU
		{A0C53ACB-AC8A-48B4-9FCF-29C5DE7DC11B}.Release|x64.ActiveCfg = Release|Any CPU
		{A0C53ACB-AC8A-48B4-9FCF-29C5DE7DC11B}.Release|x64.Build.0 = Release|Any CPU
		{A0C53ACB-AC8A-48B4-9FCF-29C5DE7DC11B}.Release|x86.ActiveCfg = Release|Any CPU
		{A0C53ACB-AC8A-48B4-9FCF-29C5DE7DC11B}.Release|x86.Build.0 = Release|Any CPU
	EndGlobalSection
EndGlobal
